// !$*UTF8*$!
{
	archiveVersion = 1;
	classes = {
	};
	objectVersion = 50;
	objects = {

/* Begin PBXBuildFile section */
		D9241B0A25936BBD000CF353 /* Localizable.strings in Resources */ = {isa = PBXBuildFile; fileRef = D9241B0C25936BBD000CF353 /* Localizable.strings */; };
		D94FD80225925C1500A652CE /* SearchCharacters.swift in Sources */ = {isa = PBXBuildFile; fileRef = D94FD80125925C1500A652CE /* SearchCharacters.swift */; };
		D94FD80725925C8100A652CE /* Comics.swift in Sources */ = {isa = PBXBuildFile; fileRef = D94FD80625925C8100A652CE /* Comics.swift */; };
		D94FD80F25925CEC00A652CE /* Series.swift in Sources */ = {isa = PBXBuildFile; fileRef = D94FD80E25925CEC00A652CE /* Series.swift */; };
		D94FD81425925D1A00A652CE /* Stories.swift in Sources */ = {isa = PBXBuildFile; fileRef = D94FD81325925D1A00A652CE /* Stories.swift */; };
		D94FD81925925D4800A652CE /* Events.swift in Sources */ = {isa = PBXBuildFile; fileRef = D94FD81825925D4800A652CE /* Events.swift */; };
		D9BC95C32590D06B00506BF5 /* Hero.swift in Sources */ = {isa = PBXBuildFile; fileRef = D9BC95C22590D06B00506BF5 /* Hero.swift */; };
		D9BC95C82590D1AD00506BF5 /* DataAPI.swift in Sources */ = {isa = PBXBuildFile; fileRef = D9BC95C72590D1AD00506BF5 /* DataAPI.swift */; };
		D9BC95CD2590DCE600506BF5 /* NetworkingProvider.swift in Sources */ = {isa = PBXBuildFile; fileRef = D9BC95CC2590DCE600506BF5 /* NetworkingProvider.swift */; };
		D9F8E485258F86F00060E490 /* AppDelegate.swift in Sources */ = {isa = PBXBuildFile; fileRef = D9F8E484258F86F00060E490 /* AppDelegate.swift */; };
		D9F8E487258F86F00060E490 /* SceneDelegate.swift in Sources */ = {isa = PBXBuildFile; fileRef = D9F8E486258F86F00060E490 /* SceneDelegate.swift */; };
		D9F8E48C258F86F00060E490 /* Main.storyboard in Resources */ = {isa = PBXBuildFile; fileRef = D9F8E48A258F86F00060E490 /* Main.storyboard */; };
		D9F8E48E258F86F10060E490 /* Assets.xcassets in Resources */ = {isa = PBXBuildFile; fileRef = D9F8E48D258F86F10060E490 /* Assets.xcassets */; };
		D9F8E491258F86F10060E490 /* LaunchScreen.storyboard in Resources */ = {isa = PBXBuildFile; fileRef = D9F8E48F258F86F10060E490 /* LaunchScreen.storyboard */; };
		D9F8E49C258F86F20060E490 /* MarvelHeroesTests.swift in Sources */ = {isa = PBXBuildFile; fileRef = D9F8E49B258F86F20060E490 /* MarvelHeroesTests.swift */; };
		D9F8E4A7258F86F20060E490 /* MarvelHeroesUITests.swift in Sources */ = {isa = PBXBuildFile; fileRef = D9F8E4A6258F86F20060E490 /* MarvelHeroesUITests.swift */; };
		D9F8E4BF258FA9E00060E490 /* HeroTest.swift in Sources */ = {isa = PBXBuildFile; fileRef = D9F8E4BE258FA9E00060E490 /* HeroTest.swift */; };
		D9F8E4CA258FAA2A0060E490 /* HeroesView.swift in Sources */ = {isa = PBXBuildFile; fileRef = D9F8E4C9258FAA2A0060E490 /* HeroesView.swift */; };
		D9F8E4CF258FAAAD0060E490 /* HeroDetailView.swift in Sources */ = {isa = PBXBuildFile; fileRef = D9F8E4CE258FAAAD0060E490 /* HeroDetailView.swift */; };
		D9F8E4D8258FB2D80060E490 /* HeroViewCell.swift in Sources */ = {isa = PBXBuildFile; fileRef = D9F8E4D6258FB2D80060E490 /* HeroViewCell.swift */; };
		D9F8E4D9258FB2D80060E490 /* HeroViewCell.xib in Resources */ = {isa = PBXBuildFile; fileRef = D9F8E4D7258FB2D80060E490 /* HeroViewCell.xib */; };
/* End PBXBuildFile section */

/* Begin PBXContainerItemProxy section */
		D9F8E498258F86F20060E490 /* PBXContainerItemProxy */ = {
			isa = PBXContainerItemProxy;
			containerPortal = D9F8E479258F86F00060E490 /* Project object */;
			proxyType = 1;
			remoteGlobalIDString = D9F8E480258F86F00060E490;
			remoteInfo = MarvelHeroes;
		};
		D9F8E4A3258F86F20060E490 /* PBXContainerItemProxy */ = {
			isa = PBXContainerItemProxy;
			containerPortal = D9F8E479258F86F00060E490 /* Project object */;
			proxyType = 1;
			remoteGlobalIDString = D9F8E480258F86F00060E490;
			remoteInfo = MarvelHeroes;
		};
/* End PBXContainerItemProxy section */

/* Begin PBXFileReference section */
		D9241AFC25936A6C000CF353 /* es */ = {isa = PBXFileReference; lastKnownFileType = text.plist.strings; name = es; path = es.lproj/Main.strings; sourceTree = "<group>"; };
		D9241B0125936ADC000CF353 /* en */ = {isa = PBXFileReference; lastKnownFileType = text.plist.strings; name = en; path = en.lproj/Main.strings; sourceTree = "<group>"; };
		D9241B0B25936BBD000CF353 /* en */ = {isa = PBXFileReference; lastKnownFileType = text.plist.strings; name = en; path = en.lproj/Localizable.strings; sourceTree = "<group>"; };
		D9241B1025936BC2000CF353 /* es */ = {isa = PBXFileReference; lastKnownFileType = text.plist.strings; name = es; path = es.lproj/Localizable.strings; sourceTree = "<group>"; };
		D94FD80125925C1500A652CE /* SearchCharacters.swift */ = {isa = PBXFileReference; lastKnownFileType = sourcecode.swift; path = SearchCharacters.swift; sourceTree = "<group>"; };
		D94FD80625925C8100A652CE /* Comics.swift */ = {isa = PBXFileReference; lastKnownFileType = sourcecode.swift; path = Comics.swift; sourceTree = "<group>"; };
		D94FD80E25925CEC00A652CE /* Series.swift */ = {isa = PBXFileReference; lastKnownFileType = sourcecode.swift; path = Series.swift; sourceTree = "<group>"; };
		D94FD81325925D1A00A652CE /* Stories.swift */ = {isa = PBXFileReference; lastKnownFileType = sourcecode.swift; path = Stories.swift; sourceTree = "<group>"; };
		D94FD81825925D4800A652CE /* Events.swift */ = {isa = PBXFileReference; lastKnownFileType = sourcecode.swift; path = Events.swift; sourceTree = "<group>"; };
		D9BC95C22590D06B00506BF5 /* Hero.swift */ = {isa = PBXFileReference; lastKnownFileType = sourcecode.swift; path = Hero.swift; sourceTree = "<group>"; };
		D9BC95C72590D1AD00506BF5 /* DataAPI.swift */ = {isa = PBXFileReference; lastKnownFileType = sourcecode.swift; path = DataAPI.swift; sourceTree = "<group>"; };
		D9BC95CC2590DCE600506BF5 /* NetworkingProvider.swift */ = {isa = PBXFileReference; lastKnownFileType = sourcecode.swift; path = NetworkingProvider.swift; sourceTree = "<group>"; };
		D9F8E481258F86F00060E490 /* MarvelHeroes.app */ = {isa = PBXFileReference; explicitFileType = wrapper.application; includeInIndex = 0; path = MarvelHeroes.app; sourceTree = BUILT_PRODUCTS_DIR; };
		D9F8E484258F86F00060E490 /* AppDelegate.swift */ = {isa = PBXFileReference; lastKnownFileType = sourcecode.swift; path = AppDelegate.swift; sourceTree = "<group>"; };
		D9F8E486258F86F00060E490 /* SceneDelegate.swift */ = {isa = PBXFileReference; lastKnownFileType = sourcecode.swift; path = SceneDelegate.swift; sourceTree = "<group>"; };
		D9F8E48B258F86F00060E490 /* Base */ = {isa = PBXFileReference; lastKnownFileType = file.storyboard; name = Base; path = Base.lproj/Main.storyboard; sourceTree = "<group>"; };
		D9F8E48D258F86F10060E490 /* Assets.xcassets */ = {isa = PBXFileReference; lastKnownFileType = folder.assetcatalog; path = Assets.xcassets; sourceTree = "<group>"; };
		D9F8E490258F86F10060E490 /* Base */ = {isa = PBXFileReference; lastKnownFileType = file.storyboard; name = Base; path = Base.lproj/LaunchScreen.storyboard; sourceTree = "<group>"; };
		D9F8E492258F86F10060E490 /* Info.plist */ = {isa = PBXFileReference; lastKnownFileType = text.plist.xml; path = Info.plist; sourceTree = "<group>"; };
		D9F8E497258F86F20060E490 /* MarvelHeroesTests.xctest */ = {isa = PBXFileReference; explicitFileType = wrapper.cfbundle; includeInIndex = 0; path = MarvelHeroesTests.xctest; sourceTree = BUILT_PRODUCTS_DIR; };
		D9F8E49B258F86F20060E490 /* MarvelHeroesTests.swift */ = {isa = PBXFileReference; lastKnownFileType = sourcecode.swift; path = MarvelHeroesTests.swift; sourceTree = "<group>"; };
		D9F8E49D258F86F20060E490 /* Info.plist */ = {isa = PBXFileReference; lastKnownFileType = text.plist.xml; path = Info.plist; sourceTree = "<group>"; };
		D9F8E4A2258F86F20060E490 /* MarvelHeroesUITests.xctest */ = {isa = PBXFileReference; explicitFileType = wrapper.cfbundle; includeInIndex = 0; path = MarvelHeroesUITests.xctest; sourceTree = BUILT_PRODUCTS_DIR; };
		D9F8E4A6258F86F20060E490 /* MarvelHeroesUITests.swift */ = {isa = PBXFileReference; lastKnownFileType = sourcecode.swift; path = MarvelHeroesUITests.swift; sourceTree = "<group>"; };
		D9F8E4A8258F86F20060E490 /* Info.plist */ = {isa = PBXFileReference; lastKnownFileType = text.plist.xml; path = Info.plist; sourceTree = "<group>"; };
		D9F8E4BE258FA9E00060E490 /* HeroTest.swift */ = {isa = PBXFileReference; lastKnownFileType = sourcecode.swift; path = HeroTest.swift; sourceTree = "<group>"; };
		D9F8E4C9258FAA2A0060E490 /* HeroesView.swift */ = {isa = PBXFileReference; lastKnownFileType = sourcecode.swift; path = HeroesView.swift; sourceTree = "<group>"; };
		D9F8E4CE258FAAAD0060E490 /* HeroDetailView.swift */ = {isa = PBXFileReference; lastKnownFileType = sourcecode.swift; path = HeroDetailView.swift; sourceTree = "<group>"; };
		D9F8E4D6258FB2D80060E490 /* HeroViewCell.swift */ = {isa = PBXFileReference; lastKnownFileType = sourcecode.swift; path = HeroViewCell.swift; sourceTree = "<group>"; };
		D9F8E4D7258FB2D80060E490 /* HeroViewCell.xib */ = {isa = PBXFileReference; lastKnownFileType = file.xib; path = HeroViewCell.xib; sourceTree = "<group>"; };
/* End PBXFileReference section */

/* Begin PBXFrameworksBuildPhase section */
		D9F8E47E258F86F00060E490 /* Frameworks */ = {
			isa = PBXFrameworksBuildPhase;
			buildActionMask = 2147483647;
			files = (
			);
			runOnlyForDeploymentPostprocessing = 0;
		};
		D9F8E494258F86F20060E490 /* Frameworks */ = {
			isa = PBXFrameworksBuildPhase;
			buildActionMask = 2147483647;
			files = (
			);
			runOnlyForDeploymentPostprocessing = 0;
		};
		D9F8E49F258F86F20060E490 /* Frameworks */ = {
			isa = PBXFrameworksBuildPhase;
			buildActionMask = 2147483647;
			files = (
			);
			runOnlyForDeploymentPostprocessing = 0;
		};
/* End PBXFrameworksBuildPhase section */

/* Begin PBXGroup section */
		D9BC95C12590D04E00506BF5 /* Testing */ = {
			isa = PBXGroup;
			children = (
				D9F8E4BE258FA9E00060E490 /* HeroTest.swift */,
			);
			path = Testing;
			sourceTree = "<group>";
		};
		D9BC95D12590DCF000506BF5 /* Networks */ = {
			isa = PBXGroup;
			children = (
				D9BC95CC2590DCE600506BF5 /* NetworkingProvider.swift */,
				D9BC95C72590D1AD00506BF5 /* DataAPI.swift */,
			);
			name = Networks;
			sourceTree = "<group>";
		};
		D9F8E478258F86F00060E490 = {
			isa = PBXGroup;
			children = (
				D9F8E483258F86F00060E490 /* MarvelHeroes */,
				D9F8E49A258F86F20060E490 /* MarvelHeroesTests */,
				D9F8E4A5258F86F20060E490 /* MarvelHeroesUITests */,
				D9F8E482258F86F00060E490 /* Products */,
			);
			sourceTree = "<group>";
		};
		D9F8E482258F86F00060E490 /* Products */ = {
			isa = PBXGroup;
			children = (
				D9F8E481258F86F00060E490 /* MarvelHeroes.app */,
				D9F8E497258F86F20060E490 /* MarvelHeroesTests.xctest */,
				D9F8E4A2258F86F20060E490 /* MarvelHeroesUITests.xctest */,
			);
			name = Products;
			sourceTree = "<group>";
		};
		D9F8E483258F86F00060E490 /* MarvelHeroes */ = {
			isa = PBXGroup;
			children = (
				D9F8E484258F86F00060E490 /* AppDelegate.swift */,
				D9F8E486258F86F00060E490 /* SceneDelegate.swift */,
				D9F8E48D258F86F10060E490 /* Assets.xcassets */,
				D9BC95D12590DCF000506BF5 /* Networks */,
				D9F8E4BA258FA9750060E490 /* Model */,
				D9F8E4BB258FA97D0060E490 /* Views */,
				D9F8E4F8259013000060E490 /* Storyboards */,
				D9F8E492258F86F10060E490 /* Info.plist */,
				D9241B0C25936BBD000CF353 /* Localizable.strings */,
			);
			path = MarvelHeroes;
			sourceTree = "<group>";
		};
		D9F8E49A258F86F20060E490 /* MarvelHeroesTests */ = {
			isa = PBXGroup;
			children = (
				D9F8E49B258F86F20060E490 /* MarvelHeroesTests.swift */,
				D9F8E49D258F86F20060E490 /* Info.plist */,
			);
			path = MarvelHeroesTests;
			sourceTree = "<group>";
		};
		D9F8E4A5258F86F20060E490 /* MarvelHeroesUITests */ = {
			isa = PBXGroup;
			children = (
				D9F8E4A6258F86F20060E490 /* MarvelHeroesUITests.swift */,
				D9F8E4A8258F86F20060E490 /* Info.plist */,
			);
			path = MarvelHeroesUITests;
			sourceTree = "<group>";
		};
		D9F8E4BA258FA9750060E490 /* Model */ = {
			isa = PBXGroup;
			children = (
				D9BC95C12590D04E00506BF5 /* Testing */,
				D9BC95C22590D06B00506BF5 /* Hero.swift */,
				D94FD81825925D4800A652CE /* Events.swift */,
				D94FD81325925D1A00A652CE /* Stories.swift */,
				D94FD80E25925CEC00A652CE /* Series.swift */,
				D94FD80625925C8100A652CE /* Comics.swift */,
				D94FD80125925C1500A652CE /* SearchCharacters.swift */,
			);
			name = Model;
			sourceTree = "<group>";
		};
		D9F8E4BB258FA97D0060E490 /* Views */ = {
			isa = PBXGroup;
			children = (
				D9F8E4DD258FB2FC0060E490 /* Cells */,
				D9F8E4C9258FAA2A0060E490 /* HeroesView.swift */,
				D9F8E4CE258FAAAD0060E490 /* HeroDetailView.swift */,
			);
			path = Views;
			sourceTree = "<group>";
		};
		D9F8E4DD258FB2FC0060E490 /* Cells */ = {
			isa = PBXGroup;
			children = (
				D9F8E4D6258FB2D80060E490 /* HeroViewCell.swift */,
				D9F8E4D7258FB2D80060E490 /* HeroViewCell.xib */,
			);
			name = Cells;
			sourceTree = "<group>";
		};
		D9F8E4F8259013000060E490 /* Storyboards */ = {
			isa = PBXGroup;
			children = (
				D9F8E48A258F86F00060E490 /* Main.storyboard */,
				D9F8E48F258F86F10060E490 /* LaunchScreen.storyboard */,
			);
			path = Storyboards;
			sourceTree = "<group>";
		};
/* End PBXGroup section */

/* Begin PBXNativeTarget section */
		D9F8E480258F86F00060E490 /* MarvelHeroes */ = {
			isa = PBXNativeTarget;
			buildConfigurationList = D9F8E4AB258F86F20060E490 /* Build configuration list for PBXNativeTarget "MarvelHeroes" */;
			buildPhases = (
				D9F8E47D258F86F00060E490 /* Sources */,
				D9F8E47E258F86F00060E490 /* Frameworks */,
				D9F8E47F258F86F00060E490 /* Resources */,
			);
			buildRules = (
			);
			dependencies = (
			);
			name = MarvelHeroes;
			productName = MarvelHeroes;
			productReference = D9F8E481258F86F00060E490 /* MarvelHeroes.app */;
			productType = "com.apple.product-type.application";
		};
		D9F8E496258F86F20060E490 /* MarvelHeroesTests */ = {
			isa = PBXNativeTarget;
			buildConfigurationList = D9F8E4AE258F86F20060E490 /* Build configuration list for PBXNativeTarget "MarvelHeroesTests" */;
			buildPhases = (
				D9F8E493258F86F20060E490 /* Sources */,
				D9F8E494258F86F20060E490 /* Frameworks */,
				D9F8E495258F86F20060E490 /* Resources */,
			);
			buildRules = (
			);
			dependencies = (
				D9F8E499258F86F20060E490 /* PBXTargetDependency */,
			);
			name = MarvelHeroesTests;
			productName = MarvelHeroesTests;
			productReference = D9F8E497258F86F20060E490 /* MarvelHeroesTests.xctest */;
			productType = "com.apple.product-type.bundle.unit-test";
		};
		D9F8E4A1258F86F20060E490 /* MarvelHeroesUITests */ = {
			isa = PBXNativeTarget;
			buildConfigurationList = D9F8E4B1258F86F20060E490 /* Build configuration list for PBXNativeTarget "MarvelHeroesUITests" */;
			buildPhases = (
				D9F8E49E258F86F20060E490 /* Sources */,
				D9F8E49F258F86F20060E490 /* Frameworks */,
				D9F8E4A0258F86F20060E490 /* Resources */,
			);
			buildRules = (
			);
			dependencies = (
				D9F8E4A4258F86F20060E490 /* PBXTargetDependency */,
			);
			name = MarvelHeroesUITests;
			productName = MarvelHeroesUITests;
			productReference = D9F8E4A2258F86F20060E490 /* MarvelHeroesUITests.xctest */;
			productType = "com.apple.product-type.bundle.ui-testing";
		};
/* End PBXNativeTarget section */

/* Begin PBXProject section */
		D9F8E479258F86F00060E490 /* Project object */ = {
			isa = PBXProject;
			attributes = {
				LastSwiftUpdateCheck = 1230;
				LastUpgradeCheck = 1230;
				TargetAttributes = {
					D9F8E480258F86F00060E490 = {
						CreatedOnToolsVersion = 12.3;
					};
					D9F8E496258F86F20060E490 = {
						CreatedOnToolsVersion = 12.3;
						TestTargetID = D9F8E480258F86F00060E490;
					};
					D9F8E4A1258F86F20060E490 = {
						CreatedOnToolsVersion = 12.3;
						TestTargetID = D9F8E480258F86F00060E490;
					};
				};
			};
			buildConfigurationList = D9F8E47C258F86F00060E490 /* Build configuration list for PBXProject "MarvelHeroes" */;
			compatibilityVersion = "Xcode 9.3";
			developmentRegion = en;
			hasScannedForEncodings = 0;
			knownRegions = (
				en,
				Base,
				es,
			);
			mainGroup = D9F8E478258F86F00060E490;
			productRefGroup = D9F8E482258F86F00060E490 /* Products */;
			projectDirPath = "";
			projectRoot = "";
			targets = (
				D9F8E480258F86F00060E490 /* MarvelHeroes */,
				D9F8E496258F86F20060E490 /* MarvelHeroesTests */,
				D9F8E4A1258F86F20060E490 /* MarvelHeroesUITests */,
			);
		};
/* End PBXProject section */

/* Begin PBXResourcesBuildPhase section */
		D9F8E47F258F86F00060E490 /* Resources */ = {
			isa = PBXResourcesBuildPhase;
			buildActionMask = 2147483647;
			files = (
				D9241B0A25936BBD000CF353 /* Localizable.strings in Resources */,
				D9F8E491258F86F10060E490 /* LaunchScreen.storyboard in Resources */,
				D9F8E48E258F86F10060E490 /* Assets.xcassets in Resources */,
				D9F8E4D9258FB2D80060E490 /* HeroViewCell.xib in Resources */,
				D9F8E48C258F86F00060E490 /* Main.storyboard in Resources */,
			);
			runOnlyForDeploymentPostprocessing = 0;
		};
		D9F8E495258F86F20060E490 /* Resources */ = {
			isa = PBXResourcesBuildPhase;
			buildActionMask = 2147483647;
			files = (
			);
			runOnlyForDeploymentPostprocessing = 0;
		};
		D9F8E4A0258F86F20060E490 /* Resources */ = {
			isa = PBXResourcesBuildPhase;
			buildActionMask = 2147483647;
			files = (
			);
			runOnlyForDeploymentPostprocessing = 0;
		};
/* End PBXResourcesBuildPhase section */

/* Begin PBXSourcesBuildPhase section */
		D9F8E47D258F86F00060E490 /* Sources */ = {
			isa = PBXSourcesBuildPhase;
			buildActionMask = 2147483647;
			files = (
				D9F8E4CF258FAAAD0060E490 /* HeroDetailView.swift in Sources */,
				D94FD81425925D1A00A652CE /* Stories.swift in Sources */,
				D9BC95C82590D1AD00506BF5 /* DataAPI.swift in Sources */,
				D94FD80225925C1500A652CE /* SearchCharacters.swift in Sources */,
				D94FD81925925D4800A652CE /* Events.swift in Sources */,
				D9F8E4CA258FAA2A0060E490 /* HeroesView.swift in Sources */,
				D9F8E4BF258FA9E00060E490 /* HeroTest.swift in Sources */,
				D94FD80725925C8100A652CE /* Comics.swift in Sources */,
				D94FD80F25925CEC00A652CE /* Series.swift in Sources */,
				D9F8E485258F86F00060E490 /* AppDelegate.swift in Sources */,
				D9BC95C32590D06B00506BF5 /* Hero.swift in Sources */,
				D9F8E4D8258FB2D80060E490 /* HeroViewCell.swift in Sources */,
				D9F8E487258F86F00060E490 /* SceneDelegate.swift in Sources */,
				D9BC95CD2590DCE600506BF5 /* NetworkingProvider.swift in Sources */,
			);
			runOnlyForDeploymentPostprocessing = 0;
		};
		D9F8E493258F86F20060E490 /* Sources */ = {
			isa = PBXSourcesBuildPhase;
			buildActionMask = 2147483647;
			files = (
				D9F8E49C258F86F20060E490 /* MarvelHeroesTests.swift in Sources */,
			);
			runOnlyForDeploymentPostprocessing = 0;
		};
		D9F8E49E258F86F20060E490 /* Sources */ = {
			isa = PBXSourcesBuildPhase;
			buildActionMask = 2147483647;
			files = (
				D9F8E4A7258F86F20060E490 /* MarvelHeroesUITests.swift in Sources */,
			);
			runOnlyForDeploymentPostprocessing = 0;
		};
/* End PBXSourcesBuildPhase section */

/* Begin PBXTargetDependency section */
		D9F8E499258F86F20060E490 /* PBXTargetDependency */ = {
			isa = PBXTargetDependency;
			target = D9F8E480258F86F00060E490 /* MarvelHeroes */;
			targetProxy = D9F8E498258F86F20060E490 /* PBXContainerItemProxy */;
		};
		D9F8E4A4258F86F20060E490 /* PBXTargetDependency */ = {
			isa = PBXTargetDependency;
			target = D9F8E480258F86F00060E490 /* MarvelHeroes */;
			targetProxy = D9F8E4A3258F86F20060E490 /* PBXContainerItemProxy */;
		};
/* End PBXTargetDependency section */

/* Begin PBXVariantGroup section */
		D9241B0C25936BBD000CF353 /* Localizable.strings */ = {
			isa = PBXVariantGroup;
			children = (
				D9241B0B25936BBD000CF353 /* en */,
				D9241B1025936BC2000CF353 /* es */,
			);
			name = Localizable.strings;
			sourceTree = "<group>";
		};
		D9F8E48A258F86F00060E490 /* Main.storyboard */ = {
			isa = PBXVariantGroup;
			children = (
				D9F8E48B258F86F00060E490 /* Base */,
				D9241AFC25936A6C000CF353 /* es */,
				D9241B0125936ADC000CF353 /* en */,
			);
			name = Main.storyboard;
			sourceTree = "<group>";
		};
		D9F8E48F258F86F10060E490 /* LaunchScreen.storyboard */ = {
			isa = PBXVariantGroup;
			children = (
				D9F8E490258F86F10060E490 /* Base */,
			);
			name = LaunchScreen.storyboard;
			sourceTree = "<group>";
		};
/* End PBXVariantGroup section */

/* Begin XCBuildConfiguration section */
		D9F8E4A9258F86F20060E490 /* Debug */ = {
			isa = XCBuildConfiguration;
			buildSettings = {
				ALWAYS_SEARCH_USER_PATHS = NO;
				CLANG_ANALYZER_LOCALIZABILITY_NONLOCALIZED = YES;
				CLANG_ANALYZER_NONNULL = YES;
				CLANG_ANALYZER_NUMBER_OBJECT_CONVERSION = YES_AGGRESSIVE;
				CLANG_CXX_LANGUAGE_STANDARD = "gnu++14";
				CLANG_CXX_LIBRARY = "libc++";
				CLANG_ENABLE_MODULES = YES;
				CLANG_ENABLE_OBJC_ARC = YES;
				CLANG_ENABLE_OBJC_WEAK = YES;
				CLANG_WARN_BLOCK_CAPTURE_AUTORELEASING = YES;
				CLANG_WARN_BOOL_CONVERSION = YES;
				CLANG_WARN_COMMA = YES;
				CLANG_WARN_CONSTANT_CONVERSION = YES;
				CLANG_WARN_DEPRECATED_OBJC_IMPLEMENTATIONS = YES;
				CLANG_WARN_DIRECT_OBJC_ISA_USAGE = YES_ERROR;
				CLANG_WARN_DOCUMENTATION_COMMENTS = YES;
				CLANG_WARN_EMPTY_BODY = YES;
				CLANG_WARN_ENUM_CONVERSION = YES;
				CLANG_WARN_INFINITE_RECURSION = YES;
				CLANG_WARN_INT_CONVERSION = YES;
				CLANG_WARN_NON_LITERAL_NULL_CONVERSION = YES;
				CLANG_WARN_OBJC_IMPLICIT_RETAIN_SELF = YES;
				CLANG_WARN_OBJC_LITERAL_CONVERSION = YES;
				CLANG_WARN_OBJC_ROOT_CLASS = YES_ERROR;
				CLANG_WARN_QUOTED_INCLUDE_IN_FRAMEWORK_HEADER = YES;
				CLANG_WARN_RANGE_LOOP_ANALYSIS = YES;
				CLANG_WARN_STRICT_PROTOTYPES = YES;
				CLANG_WARN_SUSPICIOUS_MOVE = YES;
				CLANG_WARN_UNGUARDED_AVAILABILITY = YES_AGGRESSIVE;
				CLANG_WARN_UNREACHABLE_CODE = YES;
				CLANG_WARN__DUPLICATE_METHOD_MATCH = YES;
				COPY_PHASE_STRIP = NO;
				DEBUG_INFORMATION_FORMAT = dwarf;
				ENABLE_STRICT_OBJC_MSGSEND = YES;
				ENABLE_TESTABILITY = YES;
				GCC_C_LANGUAGE_STANDARD = gnu11;
				GCC_DYNAMIC_NO_PIC = NO;
				GCC_NO_COMMON_BLOCKS = YES;
				GCC_OPTIMIZATION_LEVEL = 0;
				GCC_PREPROCESSOR_DEFINITIONS = (
					"DEBUG=1",
					"$(inherited)",
				);
				GCC_WARN_64_TO_32_BIT_CONVERSION = YES;
				GCC_WARN_ABOUT_RETURN_TYPE = YES_ERROR;
				GCC_WARN_UNDECLARED_SELECTOR = YES;
				GCC_WARN_UNINITIALIZED_AUTOS = YES_AGGRESSIVE;
				GCC_WARN_UNUSED_FUNCTION = YES;
				GCC_WARN_UNUSED_VARIABLE = YES;
				IPHONEOS_DEPLOYMENT_TARGET = 14.3;
				MTL_ENABLE_DEBUG_INFO = INCLUDE_SOURCE;
				MTL_FAST_MATH = YES;
				ONLY_ACTIVE_ARCH = YES;
				SDKROOT = iphoneos;
				SWIFT_ACTIVE_COMPILATION_CONDITIONS = DEBUG;
				SWIFT_OPTIMIZATION_LEVEL = "-Onone";
			};
			name = Debug;
		};
		D9F8E4AA258F86F20060E490 /* Release */ = {
			isa = XCBuildConfiguration;
			buildSettings = {
				ALWAYS_SEARCH_USER_PATHS = NO;
				CLANG_ANALYZER_LOCALIZABILITY_NONLOCALIZED = YES;
				CLANG_ANALYZER_NONNULL = YES;
				CLANG_ANALYZER_NUMBER_OBJECT_CONVERSION = YES_AGGRESSIVE;
				CLANG_CXX_LANGUAGE_STANDARD = "gnu++14";
				CLANG_CXX_LIBRARY = "libc++";
				CLANG_ENABLE_MODULES = YES;
				CLANG_ENABLE_OBJC_ARC = YES;
				CLANG_ENABLE_OBJC_WEAK = YES;
				CLANG_WARN_BLOCK_CAPTURE_AUTORELEASING = YES;
				CLANG_WARN_BOOL_CONVERSION = YES;
				CLANG_WARN_COMMA = YES;
				CLANG_WARN_CONSTANT_CONVERSION = YES;
				CLANG_WARN_DEPRECATED_OBJC_IMPLEMENTATIONS = YES;
				CLANG_WARN_DIRECT_OBJC_ISA_USAGE = YES_ERROR;
				CLANG_WARN_DOCUMENTATION_COMMENTS = YES;
				CLANG_WARN_EMPTY_BODY = YES;
				CLANG_WARN_ENUM_CONVERSION = YES;
				CLANG_WARN_INFINITE_RECURSION = YES;
				CLANG_WARN_INT_CONVERSION = YES;
				CLANG_WARN_NON_LITERAL_NULL_CONVERSION = YES;
				CLANG_WARN_OBJC_IMPLICIT_RETAIN_SELF = YES;
				CLANG_WARN_OBJC_LITERAL_CONVERSION = YES;
				CLANG_WARN_OBJC_ROOT_CLASS = YES_ERROR;
				CLANG_WARN_QUOTED_INCLUDE_IN_FRAMEWORK_HEADER = YES;
				CLANG_WARN_RANGE_LOOP_ANALYSIS = YES;
				CLANG_WARN_STRICT_PROTOTYPES = YES;
				CLANG_WARN_SUSPICIOUS_MOVE = YES;
				CLANG_WARN_UNGUARDED_AVAILABILITY = YES_AGGRESSIVE;
				CLANG_WARN_UNREACHABLE_CODE = YES;
				CLANG_WARN__DUPLICATE_METHOD_MATCH = YES;
				COPY_PHASE_STRIP = NO;
				DEBUG_INFORMATION_FORMAT = "dwarf-with-dsym";
				ENABLE_NS_ASSERTIONS = NO;
				ENABLE_STRICT_OBJC_MSGSEND = YES;
				GCC_C_LANGUAGE_STANDARD = gnu11;
				GCC_NO_COMMON_BLOCKS = YES;
				GCC_WARN_64_TO_32_BIT_CONVERSION = YES;
				GCC_WARN_ABOUT_RETURN_TYPE = YES_ERROR;
				GCC_WARN_UNDECLARED_SELECTOR = YES;
				GCC_WARN_UNINITIALIZED_AUTOS = YES_AGGRESSIVE;
				GCC_WARN_UNUSED_FUNCTION = YES;
				GCC_WARN_UNUSED_VARIABLE = YES;
				IPHONEOS_DEPLOYMENT_TARGET = 14.3;
				MTL_ENABLE_DEBUG_INFO = NO;
				MTL_FAST_MATH = YES;
				SDKROOT = iphoneos;
				SWIFT_COMPILATION_MODE = wholemodule;
				SWIFT_OPTIMIZATION_LEVEL = "-O";
				VALIDATE_PRODUCT = YES;
			};
			name = Release;
		};
		D9F8E4AC258F86F20060E490 /* Debug */ = {
			isa = XCBuildConfiguration;
			buildSettings = {
				ASSETCATALOG_COMPILER_APPICON_NAME = AppIcon;
				ASSETCATALOG_COMPILER_GLOBAL_ACCENT_COLOR_NAME = AccentColor;
				CODE_SIGN_STYLE = Automatic;
				DEVELOPMENT_TEAM = PH83ZF2MA5;
				INFOPLIST_FILE = MarvelHeroes/Info.plist;
				LD_RUNPATH_SEARCH_PATHS = (
					"$(inherited)",
					"@executable_path/Frameworks",
				);
				PRODUCT_BUNDLE_IDENTIFIER = com.silversunstudio.MarvelHeroes;
				PRODUCT_NAME = "$(TARGET_NAME)";
				SWIFT_VERSION = 5.0;
				TARGETED_DEVICE_FAMILY = "1,2";
			};
			name = Debug;
		};
		D9F8E4AD258F86F20060E490 /* Release */ = {
			isa = XCBuildConfiguration;
			buildSettings = {
				ASSETCATALOG_COMPILER_APPICON_NAME = AppIcon;
				ASSETCATALOG_COMPILER_GLOBAL_ACCENT_COLOR_NAME = AccentColor;
				CODE_SIGN_STYLE = Automatic;
				DEVELOPMENT_TEAM = PH83ZF2MA5;
				INFOPLIST_FILE = MarvelHeroes/Info.plist;
				LD_RUNPATH_SEARCH_PATHS = (
					"$(inherited)",
					"@executable_path/Frameworks",
				);
				PRODUCT_BUNDLE_IDENTIFIER = com.silversunstudio.MarvelHeroes;
				PRODUCT_NAME = "$(TARGET_NAME)";
				SWIFT_VERSION = 5.0;
				TARGETED_DEVICE_FAMILY = "1,2";
			};
			name = Release;
		};
		D9F8E4AF258F86F20060E490 /* Debug */ = {
			isa = XCBuildConfiguration;
			buildSettings = {
				ALWAYS_EMBED_SWIFT_STANDARD_LIBRARIES = YES;
				BUNDLE_LOADER = "$(TEST_HOST)";
				CODE_SIGN_STYLE = Automatic;
				DEVELOPMENT_TEAM = PH83ZF2MA5;
				INFOPLIST_FILE = MarvelHeroesTests/Info.plist;
				IPHONEOS_DEPLOYMENT_TARGET = 14.3;
				LD_RUNPATH_SEARCH_PATHS = (
					"$(inherited)",
					"@executable_path/Frameworks",
					"@loader_path/Frameworks",
				);
				PRODUCT_BUNDLE_IDENTIFIER = com.silversunstudio.MarvelHeroesTests;
				PRODUCT_NAME = "$(TARGET_NAME)";
				SWIFT_VERSION = 5.0;
				TARGETED_DEVICE_FAMILY = "1,2";
				TEST_HOST = "$(BUILT_PRODUCTS_DIR)/MarvelHeroes.app/MarvelHeroes";
			};
			name = Debug;
		};
		D9F8E4B0258F86F20060E490 /* Release */ = {
			isa = XCBuildConfiguration;
			buildSettings = {
				ALWAYS_EMBED_SWIFT_STANDARD_LIBRARIES = YES;
				BUNDLE_LOADER = "$(TEST_HOST)";
				CODE_SIGN_STYLE = Automatic;
				DEVELOPMENT_TEAM = PH83ZF2MA5;
				INFOPLIST_FILE = MarvelHeroesTests/Info.plist;
				IPHONEOS_DEPLOYMENT_TARGET = 14.3;
				LD_RUNPATH_SEARCH_PATHS = (
					"$(inherited)",
					"@executable_path/Frameworks",
					"@loader_path/Frameworks",
				);
				PRODUCT_BUNDLE_IDENTIFIER = com.silversunstudio.MarvelHeroesTests;
				PRODUCT_NAME = "$(TARGET_NAME)";
				SWIFT_VERSION = 5.0;
				TARGETED_DEVICE_FAMILY = "1,2";
				TEST_HOST = "$(BUILT_PRODUCTS_DIR)/MarvelHeroes.app/MarvelHeroes";
			};
			name = Release;
		};
		D9F8E4B2258F86F20060E490 /* Debug */ = {
			isa = XCBuildConfiguration;
			buildSettings = {
				ALWAYS_EMBED_SWIFT_STANDARD_LIBRARIES = YES;
				CODE_SIGN_STYLE = Automatic;
				DEVELOPMENT_TEAM = PH83ZF2MA5;
				INFOPLIST_FILE = MarvelHeroesUITests/Info.plist;
				LD_RUNPATH_SEARCH_PATHS = (
					"$(inherited)",
					"@executable_path/Frameworks",
					"@loader_path/Frameworks",
				);
				PRODUCT_BUNDLE_IDENTIFIER = com.silversunstudio.MarvelHeroesUITests;
				PRODUCT_NAME = "$(TARGET_NAME)";
				SWIFT_VERSION = 5.0;
				TARGETED_DEVICE_FAMILY = "1,2";
				TEST_TARGET_NAME = MarvelHeroes;
			};
			name = Debug;
		};
		D9F8E4B3258F86F20060E490 /* Release */ = {
			isa = XCBuildConfiguration;
			buildSettings = {
				ALWAYS_EMBED_SWIFT_STANDARD_LIBRARIES = YES;
				CODE_SIGN_STYLE = Automatic;
				DEVELOPMENT_TEAM = PH83ZF2MA5;
				INFOPLIST_FILE = MarvelHeroesUITests/Info.plist;
				LD_RUNPATH_SEARCH_PATHS = (
					"$(inherited)",
					"@executable_path/Frameworks",
					"@loader_path/Frameworks",
				);
				PRODUCT_BUNDLE_IDENTIFIER = com.silversunstudio.MarvelHeroesUITests;
				PRODUCT_NAME = "$(TARGET_NAME)";
				SWIFT_VERSION = 5.0;
				TARGETED_DEVICE_FAMILY = "1,2";
				TEST_TARGET_NAME = MarvelHeroes;
			};
			name = Release;
		};
/* End XCBuildConfiguration section */

/* Begin XCConfigurationList section */
		D9F8E47C258F86F00060E490 /* Build configuration list for PBXProject "MarvelHeroes" */ = {
			isa = XCConfigurationList;
			buildConfigurations = (
				D9F8E4A9258F86F20060E490 /* Debug */,
				D9F8E4AA258F86F20060E490 /* Release */,
			);
			defaultConfigurationIsVisible = 0;
			defaultConfigurationName = Release;
		};
		D9F8E4AB258F86F20060E490 /* Build configuration list for PBXNativeTarget "MarvelHeroes" */ = {
			isa = XCConfigurationList;
			buildConfigurations = (
				D9F8E4AC258F86F20060E490 /* Debug */,
				D9F8E4AD258F86F20060E490 /* Release */,
			);
			defaultConfigurationIsVisible = 0;
			defaultConfigurationName = Release;
		};
		D9F8E4AE258F86F20060E490 /* Build configuration list for PBXNativeTarget "MarvelHeroesTests" */ = {
			isa = XCConfigurationList;
			buildConfigurations = (
				D9F8E4AF258F86F20060E490 /* Debug */,
				D9F8E4B0258F86F20060E490 /* Release */,
			);
			defaultConfigurationIsVisible = 0;
			defaultConfigurationName = Release;
		};
		D9F8E4B1258F86F20060E490 /* Build configuration list for PBXNativeTarget "MarvelHeroesUITests" */ = {
			isa = XCConfigurationList;
			buildConfigurations = (
				D9F8E4B2258F86F20060E490 /* Debug */,
				D9F8E4B3258F86F20060E490 /* Release */,
			);
			defaultConfigurationIsVisible = 0;
			defaultConfigurationName = Release;
		};
/* End XCConfigurationList section */
	};
	rootObject = D9F8E479258F86F00060E490 /* Project object */;
}
